{
  "https://deno.land/std/path/mod.ts": "afc341b8a0eb106685c8fdb7738b10e48ad57579a4be1a8f8bef19898a25f604",
  "https://deno.land/std/path/win32.ts": "21f65d1fd0d251c29c3e9d800f51f3bd250756b33c3cdb4b07efa9b1f1925cd8",
  "https://deno.land/std/path/separator.ts": "b4b26bf9f4fe675f8a2dcd81444efc5a4535b5067224b0ce151d6637447515c4",
  "https://deno.land/std/io/ioutil.ts": "001156d59fa48690027c87a9499bffcbd74c08a74dd44f7eecf68ea70123dc44",
  "https://deno.land/std/path/_util.ts": "5b3893ae375dcce0b21e1cf5adda8529dfa132582f8ffd03ef43fa3707f24916",
  "https://deno.land/std/path/_globrex.ts": "d5fa356505bf0e0d4bcc6faf23ccc2368d29130f78cdd718fb02155f7ea08918",
  "https://deno.land/std/io/util.ts": "23c3953522d998d48a127ee07a7b7379b9573342b3c354d7913f9eaa8a7023a1",
  "https://deno.land/std/bytes/mod.ts": "b16bdfec58b37b5987731e187fe8f4de90efc7cba327d6718a0301ac4c2fcb4d",
  "https://deno.land/std/path/common.ts": "313f8376f6de1a21d5ea45797cbaaa193721d61586f342838e180f60fce40cd8",
  "https://deno.land/std/path/_constants.ts": "53893fa4a7cdd524df560337958edf5966025cc6d784fa2579fd0d5133f459d9",
  "https://deno.land/std/hash/sha1.ts": "8c15e94e3ed628935ff34d0f7df9e805cc733d8d42a883aeb5cc297a1c7b9d84",
  "https://deno.land/std/ws/mod.ts": "01c1d7d7c87541a40fa34b0db359f497a89b0af507bc8090c312acce56660061",
  "https://deno.land/std/async/mod.ts": "368d5b09024ccfffcf90d63f8036e6be693b287a35278d67abf8402800a6b150",
  "https://deno.land/std/http/_io.ts": "1d2bb8d8f02befcd6acbdf8f9680d30a050cf54780b97f965e2807fef692474a",
  "https://deno.land/std/io/bufio.ts": "d5f99c76644c5d490a8ce7b07f6fe2d9fca0e9523d59f60407e09fca7c6ce3a8",
  "https://deno.land/std/async/mux_async_iterator.ts": "b33b1aaafbc9d1971bb719719cb593d4109aba6354a7061a92da811674ed0ff7",
  "https://deno.land/std/http/http_status.ts": "13b35951d8a48de4c08e890a05a07e3e94c71b4116259fbdb41030b14d027776",
  "https://deno.land/std/_util/has_own_property.ts": "f3b4beca2303ec5241b961cf4973f7215b2ab009969e78dfc742f80f1298a38e",
  "https://deno.land/std/async/deferred.ts": "f5c6f5741ffd8f8f71985c814f0a47d00de6fd92711aff824776bbe2db32e15a",
  "https://deno.land/std/testing/diff.ts": "19c6766a2d03d507dcd9b38f27a134fe7df4e9abac08a51a8d9a826901de6dbf",
  "https://deno.land/std/path/glob.ts": "4c35e963062aab244166bb4a8d45e0291bd25e9a57f6a3a08cdcacc7a054b342",
  "https://deno.land/std/path/posix.ts": "6f7925a0ae6f10a6707536404189df3e66f34c722c093f79bbd1c90d652b460a",
  "https://deno.land/std/fmt/colors.ts": "feb278bf3649f3011d30ef0d1a6c582c041618c17a9c36e0748aa178f5a78f1d",
  "https://deno.land/std/testing/asserts.ts": "de8e56f36dd2e6305a281d05ca00cd37605d5aa187caf9e4bdca27064a8d687e",
  "https://deno.land/std/encoding/utf8.ts": "52c03184938bae787120a0dfadffb53945275f06f79ece9e824561f32c84f2f9",
  "https://deno.land/std/textproto/mod.ts": "39eeed4f2ac949690318fef71c7c9f724e78e8c51a9c3071eedc2a9b951291b3",
  "https://deno.land/std/http/server.ts": "76d1f3b0d4cfa269e8a9e297364361c09afd4558af65633b99c68a5e98e2647b",
  "https://deno.land/std/async/delay.ts": "9c74bfa5d4b93df5bb8ec2746372b7e2e95bd09454978d91bad3681273f07089"
}