{
  "https://deno.land/std/http/server.ts": "76d1f3b0d4cfa269e8a9e297364361c09afd4558af65633b99c68a5e98e2647b",
  "https://deno.land/std@0.50.0/uuid/v4.ts": "c7fdf353801ded866fbee4466ad18aa6dbf38a930dc30f88c362b1b681633834",
  "https://deno.land/std/path/glob.ts": "4c35e963062aab244166bb4a8d45e0291bd25e9a57f6a3a08cdcacc7a054b342",
  "https://deno.land/x/denotrain@v0.4.4/Context.ts": "dd66285a823f5e75202f6b35f9d70899c352aaf8ae5c032ee7da7554384d7923",
  "https://deno.land/std@0.50.0/textproto/mod.ts": "39eeed4f2ac949690318fef71c7c9f724e78e8c51a9c3071eedc2a9b951291b3",
  "https://deno.land/std@0.50.0/hash/sha1.ts": "8c15e94e3ed628935ff34d0f7df9e805cc733d8d42a883aeb5cc297a1c7b9d84",
  "https://deno.land/std@0.50.0/io/util.ts": "23c3953522d998d48a127ee07a7b7379b9573342b3c354d7913f9eaa8a7023a1",
  "https://deno.land/std/path/_globrex.ts": "d5fa356505bf0e0d4bcc6faf23ccc2368d29130f78cdd718fb02155f7ea08918",
  "https://deno.land/std@0.50.0/path/separator.ts": "b4b26bf9f4fe675f8a2dcd81444efc5a4535b5067224b0ce151d6637447515c4",
  "https://deno.land/x/sqlite/build/sqlite.js": "c500b0abf4dd1de7bf24a8b18f24c2c8b573b539071d0d3a8fe1f2bbca060b1a",
  "https://deno.land/std/path/common.ts": "313f8376f6de1a21d5ea45797cbaaa193721d61586f342838e180f60fce40cd8",
  "https://deno.land/x/denotrain@v0.4.4/Response.ts": "e63f4c6f69252253a3060818c11ed5c4b450587677781ab2ff4626f289df79d7",
  "https://deno.land/x/sqlite/src/error.ts": "24b976ec01995536c0da1e8a7d61089ad2f12f332e17d7dd6575fa56b36a4997",
  "https://deno.land/x/denotrain@v0.4.4/utils/cookies.ts": "35bef8538b299193611f6e0f244c92c95db3230693dd998f70d01e3ba3d978f6",
  "https://deno.land/std/http/http_status.ts": "13b35951d8a48de4c08e890a05a07e3e94c71b4116259fbdb41030b14d027776",
  "https://deno.land/std/path/posix.ts": "6f7925a0ae6f10a6707536404189df3e66f34c722c093f79bbd1c90d652b460a",
  "https://deno.land/x/sqlite/src/db.js": "cd6d5ac3e40b84a889eb1c3fe1e52294c4c55bab646426eeeb3e65ab5c72f856",
  "https://deno.land/std/encoding/utf8.ts": "52c03184938bae787120a0dfadffb53945275f06f79ece9e824561f32c84f2f9",
  "https://deno.land/std/io/util.ts": "23c3953522d998d48a127ee07a7b7379b9573342b3c354d7913f9eaa8a7023a1",
  "https://deno.land/std/path/_util.ts": "5b3893ae375dcce0b21e1cf5adda8529dfa132582f8ffd03ef43fa3707f24916",
  "https://deno.land/std/async/mod.ts": "368d5b09024ccfffcf90d63f8036e6be693b287a35278d67abf8402800a6b150",
  "https://deno.land/x/sqlite/src/constants.ts": "e225cf5d6d89b13e33b6a4530e3fc208e38f541936190c81269e47939f71d7a3",
  "https://deno.land/x/sqlite/src/rows.js": "45ee5c91da33886322b8b88403de1beec106645711039b03cb9e412ffeecb076",
  "https://deno.land/std/ws/mod.ts": "01c1d7d7c87541a40fa34b0db359f497a89b0af507bc8090c312acce56660061",
  "https://deno.land/std/path/separator.ts": "b4b26bf9f4fe675f8a2dcd81444efc5a4535b5067224b0ce151d6637447515c4",
  "https://deno.land/std/async/deferred.ts": "f5c6f5741ffd8f8f71985c814f0a47d00de6fd92711aff824776bbe2db32e15a",
  "https://deno.land/std/hash/sha1.ts": "8c15e94e3ed628935ff34d0f7df9e805cc733d8d42a883aeb5cc297a1c7b9d84",
  "https://deno.land/std/testing/diff.ts": "19c6766a2d03d507dcd9b38f27a134fe7df4e9abac08a51a8d9a826901de6dbf",
  "https://deno.land/std@0.50.0/testing/diff.ts": "19c6766a2d03d507dcd9b38f27a134fe7df4e9abac08a51a8d9a826901de6dbf",
  "https://deno.land/std/io/ioutil.ts": "001156d59fa48690027c87a9499bffcbd74c08a74dd44f7eecf68ea70123dc44",
  "https://deno.land/std/testing/asserts.ts": "de8e56f36dd2e6305a281d05ca00cd37605d5aa187caf9e4bdca27064a8d687e",
  "https://deno.land/std@0.50.0/http/http_status.ts": "13b35951d8a48de4c08e890a05a07e3e94c71b4116259fbdb41030b14d027776",
  "https://deno.land/std@0.50.0/path/glob.ts": "4c35e963062aab244166bb4a8d45e0291bd25e9a57f6a3a08cdcacc7a054b342",
  "https://deno.land/x/denotrain@v0.4.4/Application.ts": "f57c483c37829463f9bd2b5ca7ecf80f4214cf45e8dfe785ec512239bc72d93f",
  "https://deno.land/std@0.50.0/uuid/mod.ts": "26890d0c44a840f64e824099bd630957f69b25fb881f073b6d8d5da3b19c92e4",
  "https://deno.land/std/path/mod.ts": "afc341b8a0eb106685c8fdb7738b10e48ad57579a4be1a8f8bef19898a25f604",
  "https://deno.land/std@0.50.0/async/delay.ts": "9c74bfa5d4b93df5bb8ec2746372b7e2e95bd09454978d91bad3681273f07089",
  "https://deno.land/std@0.50.0/io/bufio.ts": "d5f99c76644c5d490a8ce7b07f6fe2d9fca0e9523d59f60407e09fca7c6ce3a8",
  "https://deno.land/std/_util/has_own_property.ts": "f3b4beca2303ec5241b961cf4973f7215b2ab009969e78dfc742f80f1298a38e",
  "https://deno.land/std/async/delay.ts": "9c74bfa5d4b93df5bb8ec2746372b7e2e95bd09454978d91bad3681273f07089",
  "https://deno.land/x/denotrain@v0.4.4/utils/urlencoded.ts": "a66b95b2676ef85962a2ad3fd0341bc0d8537da54b42326780885fde9e7dd271",
  "https://deno.land/std@0.50.0/http/server.ts": "76d1f3b0d4cfa269e8a9e297364361c09afd4558af65633b99c68a5e98e2647b",
  "https://deno.land/std@0.50.0/http/_io.ts": "1d2bb8d8f02befcd6acbdf8f9680d30a050cf54780b97f965e2807fef692474a",
  "https://deno.land/std@0.50.0/path/win32.ts": "21f65d1fd0d251c29c3e9d800f51f3bd250756b33c3cdb4b07efa9b1f1925cd8",
  "https://deno.land/std@0.50.0/uuid/v5.ts": "a2f6ea28ee1c69ac33d513f0c3b3fe856699de930c2d404a61c8638d9fdd84fc",
  "https://deno.land/std@0.50.0/uuid/_common.ts": "c1b03ff63d2a16a01bf07f156c78d25cc7a4fd022b61454459d2214ff25b2c2b",
  "https://deno.land/std@0.50.0/bytes/mod.ts": "b16bdfec58b37b5987731e187fe8f4de90efc7cba327d6718a0301ac4c2fcb4d",
  "https://deno.land/x/dotenv/util.ts": "0602c3cf6b60197203353e9e0c51fcf171267b5965912c4f18f8c9217490cd0c",
  "https://deno.land/std@0.50.0/path/_util.ts": "5b3893ae375dcce0b21e1cf5adda8529dfa132582f8ffd03ef43fa3707f24916",
  "https://deno.land/std@0.50.0/testing/asserts.ts": "de8e56f36dd2e6305a281d05ca00cd37605d5aa187caf9e4bdca27064a8d687e",
  "https://deno.land/std/async/mux_async_iterator.ts": "b33b1aaafbc9d1971bb719719cb593d4109aba6354a7061a92da811674ed0ff7",
  "https://deno.land/std@0.50.0/async/deferred.ts": "f5c6f5741ffd8f8f71985c814f0a47d00de6fd92711aff824776bbe2db32e15a",
  "https://deno.land/std@0.50.0/path/_globrex.ts": "d5fa356505bf0e0d4bcc6faf23ccc2368d29130f78cdd718fb02155f7ea08918",
  "https://deno.land/std@0.50.0/async/mux_async_iterator.ts": "b33b1aaafbc9d1971bb719719cb593d4109aba6354a7061a92da811674ed0ff7",
  "https://deno.land/x/sqlite/mod.ts": "4993740fa777760337d33b9b9bff478ed3cb115f7bc11ac76c7c06c25d75b938",
  "https://deno.land/x/denotrain@v0.4.4/Router.ts": "5e4f6e18d26dee118136cd657f2280557d6c4b2f91548d745344a5d937ebba73",
  "https://deno.land/x/dotenv/mod.ts": "62dcaefbd21f21ecc4874d92791067f1e1d613c11c912e5e6f8a887862a1f74f",
  "https://deno.land/x/denotrain@v0.4.4/ViewEngine.ts": "d0acdbffc422de138d41c7f03a1918405604baebb8b2297db7496698717cd05f",
  "https://deno.land/std/fmt/colors.ts": "feb278bf3649f3011d30ef0d1a6c582c041618c17a9c36e0748aa178f5a78f1d",
  "https://deno.land/std/io/bufio.ts": "d5f99c76644c5d490a8ce7b07f6fe2d9fca0e9523d59f60407e09fca7c6ce3a8",
  "https://deno.land/std@0.50.0/path/posix.ts": "6f7925a0ae6f10a6707536404189df3e66f34c722c093f79bbd1c90d652b460a",
  "https://deno.land/x/media_types@v2.3.0/deps.ts": "ff3ae3b0b92ed4a041ec4af8fa122f443eb8a5b7bf891dbd283531c23efab8c9",
  "https://deno.land/std@0.50.0/fs/read_file_str.ts": "1e1d224bb53f9386e9ca646492e6446cb77b4b377e392749a612da6c957c4897",
  "https://deno.land/std/path/win32.ts": "21f65d1fd0d251c29c3e9d800f51f3bd250756b33c3cdb4b07efa9b1f1925cd8",
  "https://deno.land/std@0.50.0/path/_constants.ts": "53893fa4a7cdd524df560337958edf5966025cc6d784fa2579fd0d5133f459d9",
  "https://deno.land/std/path/_constants.ts": "53893fa4a7cdd524df560337958edf5966025cc6d784fa2579fd0d5133f459d9",
  "https://deno.land/std@0.50.0/fmt/colors.ts": "feb278bf3649f3011d30ef0d1a6c582c041618c17a9c36e0748aa178f5a78f1d",
  "https://deno.land/std@0.50.0/encoding/utf8.ts": "52c03184938bae787120a0dfadffb53945275f06f79ece9e824561f32c84f2f9",
  "https://deno.land/x/denotrain@v0.4.4/Request.ts": "46abf330c289074f029201774dbf5800f83505c75ea7dd4cf1fcc688c3add46e",
  "https://deno.land/x/denotrain@v0.4.4/ClientError.ts": "b3ef26d461cac033898775a39b4e676f9d4c24150365d57c86b2d2b6a9c3f86d",
  "https://deno.land/std@0.50.0/path/common.ts": "313f8376f6de1a21d5ea45797cbaaa193721d61586f342838e180f60fce40cd8",
  "https://deno.land/std/bytes/mod.ts": "b16bdfec58b37b5987731e187fe8f4de90efc7cba327d6718a0301ac4c2fcb4d",
  "https://deno.land/x/sqlite/src/wasm.ts": "38f34d8da3e07b745310bc9cc450470a17b642406562f5d2162af2bc1f89936e",
  "https://deno.land/x/denotrain@v0.4.4/mod.ts": "758b409787439c681495e243c7cb3d8e447f7d441e97e848c0291a1dc5e6ba59",
  "https://deno.land/x/denotrain@v0.4.4/deps.ts": "52699c41b40a8074d11840c39a52030d9d28e69f555cc568d10586137b0bcb09",
  "https://deno.land/std/textproto/mod.ts": "39eeed4f2ac949690318fef71c7c9f724e78e8c51a9c3071eedc2a9b951291b3",
  "https://deno.land/std@0.50.0/path/mod.ts": "afc341b8a0eb106685c8fdb7738b10e48ad57579a4be1a8f8bef19898a25f604",
  "https://deno.land/std@0.50.0/async/mod.ts": "368d5b09024ccfffcf90d63f8036e6be693b287a35278d67abf8402800a6b150",
  "https://deno.land/x/media_types@v2.3.0/db.ts": "cfa04f263c160df65e39b404737ab535e8d99b94e0299af9f82e3365f6c971f9",
  "https://deno.land/x/media_types@v2.3.0/mod.ts": "ab2b14f39109428d1b46474b4f4a146a0930bfdf129205b7383203d7d46a40ef",
  "https://deno.land/std@0.50.0/node/util.ts": "bf13660758de7c0ffa3c5a7ffb31699f135d1faddab998bde1722840eab9265f",
  "https://deno.land/std@0.50.0/uuid/v1.ts": "e184789fbba99c99e5ee319dd3097aa6ff97e7c0c28b9363aba92dd5ba0b4171",
  "https://deno.land/std/http/_io.ts": "1d2bb8d8f02befcd6acbdf8f9680d30a050cf54780b97f965e2807fef692474a",
  "https://deno.land/x/denotrain@v0.4.4/CookieStorage.ts": "d019b0a6ad7db8cff51aca7d7cfad04c4331f5495c843da360b0f2ff9bd5263f"
}